Microsoft Visual Studio Solution File, Format Version 12.00
# Visual Studio Version 17
VisualStudioVersion = 17.5.2.0
MinimumVisualStudioVersion = 10.0.40219.1
Project("{FAE04EC0-301F-11D3-BF4B-00C04F79EFBC}") = "tareas-back", "tareas-back.csproj", "{B48F84F1-760E-BC46-D9BA-19A15A9AD4A9}"
EndProject
Global
	GlobalSection(SolutionConfigurationPlatforms) = preSolution
		Debug|Any CPU = Debug|Any CPU
		Release|Any CPU = Release|Any CPU
	EndGlobalSection
	GlobalSection(ProjectConfigurationPlatforms) = postSolution
		{B48F84F1-760E-BC46-D9BA-19A15A9AD4A9}.Debug|Any CPU.ActiveCfg = Debug|Any CPU
		{B48F84F1-760E-BC46-D9BA-19A15A9AD4A9}.Debug|Any CPU.Build.0 = Debug|Any CPU
		{B48F84F1-760E-BC46-D9BA-19A15A9AD4A9}.Release|Any CPU.ActiveCfg = Release|Any CPU
		{B48F84F1-760E-BC46-D9BA-19A15A9AD4A9}.Release|Any CPU.Build.0 = Release|Any CPU
	EndGlobalSection
	GlobalSection(SolutionProperties) = preSolution
		HideSolutionNode = FALSE
	EndGlobalSection
	GlobalSection(ExtensibilityGlobals) = postSolution
		SolutionGuid = {2C7D61FA-0A10-423F-9C85-B088E9E95CB9}
	EndGlobalSection
EndGlobal
